
Microsoft Visual Studio Solution File, Format Version 12.00
Project("{FAE04EC0-301F-11D3-BF4B-00C04F79EFBC}") = "BakedEnv", "BakedEnv\BakedEnv.csproj", "{1A06C8E0-F083-4DF4-BCF6-70D496A120C7}"
EndProject
Project("{FAE04EC0-301F-11D3-BF4B-00C04F79EFBC}") = "BakedEnv.GeneralTests", "BakedEnv.GeneralTests\BakedEnv.GeneralTests.csproj", "{1B50328B-7312-446D-95E4-AF1E4CF72950}"
EndProject
Project("{FAE04EC0-301F-11D3-BF4B-00C04F79EFBC}") = "BakedEnv.CLI", "BakedEnv.CLI\BakedEnv.CLI.csproj", "{756714C3-5B14-4CCB-99CD-60ABE0EBA15F}"
EndProject
Project("{FAE04EC0-301F-11D3-BF4B-00C04F79EFBC}") = "BakedEnv.ApiInjection", "BakedEnv.ApiInjection\BakedEnv.ApiInjection.csproj", "{C8574FEA-886A-4A47-B6DC-32962E84C881}"
EndProject
Global
	GlobalSection(SolutionConfigurationPlatforms) = preSolution
		Debug|Any CPU = Debug|Any CPU
		Release|Any CPU = Release|Any CPU
	EndGlobalSection
	GlobalSection(ProjectConfigurationPlatforms) = postSolution
		{1A06C8E0-F083-4DF4-BCF6-70D496A120C7}.Debug|Any CPU.ActiveCfg = Debug|Any CPU
		{1A06C8E0-F083-4DF4-BCF6-70D496A120C7}.Debug|Any CPU.Build.0 = Debug|Any CPU
		{1A06C8E0-F083-4DF4-BCF6-70D496A120C7}.Release|Any CPU.ActiveCfg = Release|Any CPU
		{1A06C8E0-F083-4DF4-BCF6-70D496A120C7}.Release|Any CPU.Build.0 = Release|Any CPU
		{1B50328B-7312-446D-95E4-AF1E4CF72950}.Debug|Any CPU.ActiveCfg = Debug|Any CPU
		{1B50328B-7312-446D-95E4-AF1E4CF72950}.Debug|Any CPU.Build.0 = Debug|Any CPU
		{1B50328B-7312-446D-95E4-AF1E4CF72950}.Release|Any CPU.ActiveCfg = Release|Any CPU
		{1B50328B-7312-446D-95E4-AF1E4CF72950}.Release|Any CPU.Build.0 = Release|Any CPU
		{756714C3-5B14-4CCB-99CD-60ABE0EBA15F}.Debug|Any CPU.ActiveCfg = Debug|Any CPU
		{756714C3-5B14-4CCB-99CD-60ABE0EBA15F}.Debug|Any CPU.Build.0 = Debug|Any CPU
		{756714C3-5B14-4CCB-99CD-60ABE0EBA15F}.Release|Any CPU.ActiveCfg = Release|Any CPU
		{756714C3-5B14-4CCB-99CD-60ABE0EBA15F}.Release|Any CPU.Build.0 = Release|Any CPU
		{C8574FEA-886A-4A47-B6DC-32962E84C881}.Debug|Any CPU.ActiveCfg = Debug|Any CPU
		{C8574FEA-886A-4A47-B6DC-32962E84C881}.Debug|Any CPU.Build.0 = Debug|Any CPU
		{C8574FEA-886A-4A47-B6DC-32962E84C881}.Release|Any CPU.ActiveCfg = Release|Any CPU
		{C8574FEA-886A-4A47-B6DC-32962E84C881}.Release|Any CPU.Build.0 = Release|Any CPU
	EndGlobalSection
EndGlobal
